
Microsoft Visual Studio Solution File, Format Version 12.00
# Visual Studio 15
VisualStudioVersion = 15.0.28307.1145
MinimumVisualStudioVersion = 10.0.40219.1
Project("{FAE04EC0-301F-11D3-BF4B-00C04F79EFBC}") = "tree", "tree\c-sharp\tree.csproj", "{5C3B1AFE-0564-4D5F-96EF-66226D6DD3A8}"
EndProject
Project("{FAE04EC0-301F-11D3-BF4B-00C04F79EFBC}") = "phone", "phone\c-sharp\phone.csproj", "{08E0A91A-6778-4C9A-A430-1F5DA1E6A257}"
EndProject
Project("{FAE04EC0-301F-11D3-BF4B-00C04F79EFBC}") = "stock", "stock\c-sharp\stock.csproj", "{7EC264AD-6D88-413E-A384-25730E064239}"
EndProject
Project("{FAE04EC0-301F-11D3-BF4B-00C04F79EFBC}") = "subarray", "subarray\c-sharp\subarray.csproj", "{0673BEBD-450A-4357-A2D3-D3F2535E7CAF}"
EndProject
Project("{FAE04EC0-301F-11D3-BF4B-00C04F79EFBC}") = "substring", "substring\c-sharp\substring.csproj", "{6579455C-AA61-4C1B-B077-837E06B68064}"
EndProject
Global
	GlobalSection(SolutionConfigurationPlatforms) = preSolution
		Debug|Any CPU = Debug|Any CPU
		Release|Any CPU = Release|Any CPU
	EndGlobalSection
	GlobalSection(ProjectConfigurationPlatforms) = postSolution
		{5C3B1AFE-0564-4D5F-96EF-66226D6DD3A8}.Debug|Any CPU.ActiveCfg = Debug|Any CPU
		{5C3B1AFE-0564-4D5F-96EF-66226D6DD3A8}.Debug|Any CPU.Build.0 = Debug|Any CPU
		{5C3B1AFE-0564-4D5F-96EF-66226D6DD3A8}.Release|Any CPU.ActiveCfg = Release|Any CPU
		{5C3B1AFE-0564-4D5F-96EF-66226D6DD3A8}.Release|Any CPU.Build.0 = Release|Any CPU
		{08E0A91A-6778-4C9A-A430-1F5DA1E6A257}.Debug|Any CPU.ActiveCfg = Debug|Any CPU
		{08E0A91A-6778-4C9A-A430-1F5DA1E6A257}.Debug|Any CPU.Build.0 = Debug|Any CPU
		{08E0A91A-6778-4C9A-A430-1F5DA1E6A257}.Release|Any CPU.ActiveCfg = Release|Any CPU
		{08E0A91A-6778-4C9A-A430-1F5DA1E6A257}.Release|Any CPU.Build.0 = Release|Any CPU
		{7EC264AD-6D88-413E-A384-25730E064239}.Debug|Any CPU.ActiveCfg = Debug|Any CPU
		{7EC264AD-6D88-413E-A384-25730E064239}.Debug|Any CPU.Build.0 = Debug|Any CPU
		{7EC264AD-6D88-413E-A384-25730E064239}.Release|Any CPU.ActiveCfg = Release|Any CPU
		{7EC264AD-6D88-413E-A384-25730E064239}.Release|Any CPU.Build.0 = Release|Any CPU
		{0673BEBD-450A-4357-A2D3-D3F2535E7CAF}.Debug|Any CPU.ActiveCfg = Debug|Any CPU
		{0673BEBD-450A-4357-A2D3-D3F2535E7CAF}.Debug|Any CPU.Build.0 = Debug|Any CPU
		{0673BEBD-450A-4357-A2D3-D3F2535E7CAF}.Release|Any CPU.ActiveCfg = Release|Any CPU
		{0673BEBD-450A-4357-A2D3-D3F2535E7CAF}.Release|Any CPU.Build.0 = Release|Any CPU
		{6579455C-AA61-4C1B-B077-837E06B68064}.Debug|Any CPU.ActiveCfg = Debug|Any CPU
		{6579455C-AA61-4C1B-B077-837E06B68064}.Debug|Any CPU.Build.0 = Debug|Any CPU
		{6579455C-AA61-4C1B-B077-837E06B68064}.Release|Any CPU.ActiveCfg = Release|Any CPU
		{6579455C-AA61-4C1B-B077-837E06B68064}.Release|Any CPU.Build.0 = Release|Any CPU
	EndGlobalSection
	GlobalSection(SolutionProperties) = preSolution
		HideSolutionNode = FALSE
	EndGlobalSection
	GlobalSection(ExtensibilityGlobals) = postSolution
		SolutionGuid = {EBEB4C20-D53E-4E77-8311-8151D4CDB1B1}
	EndGlobalSection
EndGlobal
